dependencies:
- name: cert-manager
  repository: https://charts.jetstack.io/
  version: v0.10.1
- name: prometheus
  repository: https://kubernetes-charts.storage.googleapis.com/
  version: 10.0.0
- name: postgresql
  repository: https://kubernetes-charts.storage.googleapis.com/
  version: 7.7.3
- name: gitlab-runner
  repository: https://charts.gitlab.io/
  version: 0.13.1
- name: grafana
  repository: https://kubernetes-charts.storage.googleapis.com/
  version: 4.0.1
- name: redis
  repository: https://kubernetes-charts.storage.googleapis.com/
  version: 10.3.4
digest: sha256:2b4f2c5e349556742c7aa51090e1625b1ddbefeced46ecfaf1becedd554bbfc8
generated: "2020-02-24T19:20:28.023924163Z"
